// !$*UTF8*$!
{
	archiveVersion = 1;
	classes = {
	};
	objectVersion = 77;
	objects = {

/* Begin PBXBuildFile section */
		D0A1668E30070B1300A28BD1 /* AppCore in Frameworks */ = {isa = PBXBuildFile; productRef = C10C10033007000000000003 /* AppCore */; };
		D0A1668F30070B1300A28BD1 /* AppUI in Frameworks */ = {isa = PBXBuildFile; productRef = C10C10043007000000000004 /* AppUI */; };
		D0A1669030070B1300A28BD1 /* AppCore in Frameworks */ = {isa = PBXBuildFile; productRef = C10C10053007000000000005 /* AppCore */; };
/* End PBXBuildFile section */

/* Begin PBXContainerItemProxy section */
		D00D697F3006F4C200A8F7BB /* PBXContainerItemProxy */ = {
			isa = PBXContainerItemProxy;
			containerPortal = D00D69693006F4BF00A8F7BB /* Project object */;
			proxyType = 1;
			remoteGlobalIDString = D00D69703006F4BF00A8F7BB;
			remoteInfo = ProductListingApp;
		};
		D00D69893006F4C200A8F7BB /* PBXContainerItemProxy */ = {
			isa = PBXContainerItemProxy;
			containerPortal = D00D69693006F4BF00A8F7BB /* Project object */;
			proxyType = 1;
			remoteGlobalIDString = D00D69703006F4BF00A8F7BB;
			remoteInfo = ProductListingApp;
		};
/* End PBXContainerItemProxy section */

/* Begin PBXFileReference section */
		D00D69713006F4BF00A8F7BB /* ProductListingApp.app */ = {isa = PBXFileReference; explicitFileType = wrapper.application; includeInIndex = 0; path = ProductListingApp.app; sourceTree = BUILT_PRODUCTS_DIR; };
		D00D697E3006F4C200A8F7BB /* ProductListingAppTests.xctest */ = {isa = PBXFileReference; explicitFileType = wrapper.cfbundle; includeInIndex = 0; path = ProductListingAppTests.xctest; sourceTree = BUILT_PRODUCTS_DIR; };
		D00D69883006F4C200A8F7BB /* ProductListingAppUITests.xctest */ = {isa = PBXFileReference; explicitFileType = wrapper.cfbundle; includeInIndex = 0; path = ProductListingAppUITests.xctest; sourceTree = BUILT_PRODUCTS_DIR; };
/* End PBXFileReference section */

/* Begin PBXFileSystemSynchronizedRootGroup section */
		D00D69733006F4BF00A8F7BB /* ProductListingApp */ = {
			isa = PBXFileSystemSynchronizedRootGroup;
			path = ProductListingApp;
			sourceTree = "<group>";
		};
		D00D69813006F4C200A8F7BB /* ProductListingAppTests */ = {
			isa = PBXFileSystemSynchronizedRootGroup;
			path = ProductListingAppTests;
			sourceTree = "<group>";
		};
		D00D698B3006F4C200A8F7BB /* ProductListingAppUITests */ = {
			isa = PBXFileSystemSynchronizedRootGroup;
			path = ProductListingAppUITests;
			sourceTree = "<group>";
		};
/* End PBXFileSystemSynchronizedRootGroup section */

/* Begin PBXFrameworksBuildPhase section */
		D00D696E3006F4BF00A8F7BB /* Frameworks */ = {
			isa = PBXFrameworksBuildPhase;
			buildActionMask = 2147483647;
			files = (
				D0A1668F30070B1300A28BD1 /* AppUI in Frameworks */,
				D0A1668E30070B1300A28BD1 /* AppCore in Frameworks */,
			);
			runOnlyForDeploymentPostprocessing = 0;
		};
		D00D697B3006F4C200A8F7BB /* Frameworks */ = {
			isa = PBXFrameworksBuildPhase;
			buildActionMask = 2147483647;
			files = (
				D0A1669030070B1300A28BD1 /* AppCore in Frameworks */,
			);
			runOnlyForDeploymentPostprocessing = 0;
		};
		D00D69853006F4C200A8F7BB /* Frameworks */ = {
			isa = PBXFrameworksBuildPhase;
			buildActionMask = 2147483647;
			files = (
			);
			runOnlyForDeploymentPostprocessing = 0;
		};
/* End PBXFrameworksBuildPhase section */

/* Begin PBXGroup section */
		D00D69683006F4BF00A8F7BB = {
			isa = PBXGroup;
			children = (
				D00D69733006F4BF00A8F7BB /* ProductListingApp */,
				D00D69813006F4C200A8F7BB /* ProductListingAppTests */,
				D00D698B3006F4C200A8F7BB /* ProductListingAppUITests */,
				D00D69723006F4BF00A8F7BB /* Products */,
			);
			sourceTree = "<group>";
		};
		D00D69723006F4BF00A8F7BB /* Products */ = {
			isa = PBXGroup;
			children = (
				D00D69713006F4BF00A8F7BB /* ProductListingApp.app */,
				D00D697E3006F4C200A8F7BB /* ProductListingAppTests.xctest */,
				D00D69883006F4C200A8F7BB /* ProductListingAppUITests.xctest */,
			);
			name = Products;
			sourceTree = "<group>";
		};
/* End PBXGroup section */

/* Begin PBXNativeTarget section */
		D00D69703006F4BF00A8F7BB /* ProductListingApp */ = {
			isa = PBXNativeTarget;
			buildConfigurationList = D00D69923006F4C200A8F7BB /* Build configuration list for PBXNativeTarget "ProductListingApp" */;
			buildPhases = (
				D00D696D3006F4BF00A8F7BB /* Sources */,
				D00D696E3006F4BF00A8F7BB /* Frameworks */,
				D00D696F3006F4BF00A8F7BB /* Resources */,
			);
			buildRules = (
			);
			dependencies = (
			);
			fileSystemSynchronizedGroups = (
				D00D69733006F4BF00A8F7BB /* ProductListingApp */,
			);
			name = ProductListingApp;
			packageProductDependencies = (
				C10C10033007000000000003 /* AppCore */,
				C10C10043007000000000004 /* AppUI */,
			);
			productName = ProductListingApp;
			productReference = D00D69713006F4BF00A8F7BB /* ProductListingApp.app */;
			productType = "com.apple.product-type.application";
		};
		D00D697D3006F4C200A8F7BB /* ProductListingAppTests */ = {
			isa = PBXNativeTarget;
			buildConfigurationList = D00D69953006F4C200A8F7BB /* Build configuration list for PBXNativeTarget "ProductListingAppTests" */;
			buildPhases = (
				D00D697A3006F4C200A8F7BB /* Sources */,
				D00D697B3006F4C200A8F7BB /* Frameworks */,
				D00D697C3006F4C200A8F7BB /* Resources */,
			);
			buildRules = (
			);
			dependencies = (
				D00D69803006F4C200A8F7BB /* PBXTargetDependency */,
			);
			fileSystemSynchronizedGroups = (
				D00D69813006F4C200A8F7BB /* ProductListingAppTests */,
			);
			name = ProductListingAppTests;
			packageProductDependencies = (
				C10C10053007000000000005 /* AppCore */,
			);
			productName = ProductListingAppTests;
			productReference = D00D697E3006F4C200A8F7BB /* ProductListingAppTests.xctest */;
			productType = "com.apple.product-type.bundle.unit-test";
		};
		D00D69873006F4C200A8F7BB /* ProductListingAppUITests */ = {
			isa = PBXNativeTarget;
			buildConfigurationList = D00D69983006F4C200A8F7BB /* Build configuration list for PBXNativeTarget "ProductListingAppUITests" */;
			buildPhases = (
				D00D69843006F4C200A8F7BB /* Sources */,
				D00D69853006F4C200A8F7BB /* Frameworks */,
				D00D69863006F4C200A8F7BB /* Resources */,
			);
			buildRules = (
			);
			dependencies = (
				D00D698A3006F4C200A8F7BB /* PBXTargetDependency */,
			);
			fileSystemSynchronizedGroups = (
				D00D698B3006F4C200A8F7BB /* ProductListingAppUITests */,
			);
			name = ProductListingAppUITests;
			packageProductDependencies = (
			);
			productName = ProductListingAppUITests;
			productReference = D00D69883006F4C200A8F7BB /* ProductListingAppUITests.xctest */;
			productType = "com.apple.product-type.bundle.ui-testing";
		};
/* End PBXNativeTarget section */

/* Begin PBXProject section */
		D00D69693006F4BF00A8F7BB /* Project object */ = {
			isa = PBXProject;
			attributes = {
				BuildIndependentTargetsInParallel = 1;
				LastSwiftUpdateCheck = 2660;
				LastUpgradeCheck = 2660;
				TargetAttributes = {
					D00D69703006F4BF00A8F7BB = {
						CreatedOnToolsVersion = 26.6;
					};
					D00D697D3006F4C200A8F7BB = {
						CreatedOnToolsVersion = 26.6;
						TestTargetID = D00D69703006F4BF00A8F7BB;
					};
					D00D69873006F4C200A8F7BB = {
						CreatedOnToolsVersion = 26.6;
						TestTargetID = D00D69703006F4BF00A8F7BB;
					};
				};
			};
			buildConfigurationList = D00D696C3006F4BF00A8F7BB /* Build configuration list for PBXProject "ProductListingApp" */;
			developmentRegion = en;
			hasScannedForEncodings = 0;
			knownRegions = (
				en,
				Base,
			);
			mainGroup = D00D69683006F4BF00A8F7BB;
			minimizedProjectReferenceProxies = 1;
			packageReferences = (
				C10C10013007000000000001 /* XCLocalSwiftPackageReference "AppCore" */,
				C10C10023007000000000002 /* XCLocalSwiftPackageReference "AppUI" */,
			);
			preferredProjectObjectVersion = 77;
			productRefGroup = D00D69723006F4BF00A8F7BB /* Products */;
			projectDirPath = "";
			projectRoot = "";
			targets = (
				D00D69703006F4BF00A8F7BB /* ProductListingApp */,
				D00D697D3006F4C200A8F7BB /* ProductListingAppTests */,
				D00D69873006F4C200A8F7BB /* ProductListingAppUITests */,
			);
		};
/* End PBXProject section */

/* Begin PBXResourcesBuildPhase section */
		D00D696F3006F4BF00A8F7BB /* Resources */ = {
			isa = PBXResourcesBuildPhase;
			buildActionMask = 2147483647;
			files = (
			);
			runOnlyForDeploymentPostprocessing = 0;
		};
		D00D697C3006F4C200A8F7BB /* Resources */ = {
			isa = PBXResourcesBuildPhase;
			buildActionMask = 2147483647;
			files = (
			);
			runOnlyForDeploymentPostprocessing = 0;
		};
		D00D69863006F4C200A8F7BB /* Resources */ = {
			isa = PBXResourcesBuildPhase;
			buildActionMask = 2147483647;
			files = (
			);
			runOnlyForDeploymentPostprocessing = 0;
		};
/* End PBXResourcesBuildPhase section */

/* Begin PBXSourcesBuildPhase section */
		D00D696D3006F4BF00A8F7BB /* Sources */ = {
			isa = PBXSourcesBuildPhase;
			buildActionMask = 2147483647;
			files = (
			);
			runOnlyForDeploymentPostprocessing = 0;
		};
		D00D697A3006F4C200A8F7BB /* Sources */ = {
			isa = PBXSourcesBuildPhase;
			buildActionMask = 2147483647;
			files = (
			);
			runOnlyForDeploymentPostprocessing = 0;
		};
		D00D69843006F4C200A8F7BB /* Sources */ = {
			isa = PBXSourcesBuildPhase;
			buildActionMask = 2147483647;
			files = (
			);
			runOnlyForDeploymentPostprocessing = 0;
		};
/* End PBXSourcesBuildPhase section */

/* Begin PBXTargetDependency section */
		D00D69803006F4C200A8F7BB /* PBXTargetDependency */ = {
			isa = PBXTargetDependency;
			target = D00D69703006F4BF00A8F7BB /* ProductListingApp */;
			targetProxy = D00D697F3006F4C200A8F7BB /* PBXContainerItemProxy */;
		};
		D00D698A3006F4C200A8F7BB /* PBXTargetDependency */ = {
			isa = PBXTargetDependency;
			target = D00D69703006F4BF00A8F7BB /* ProductListingApp */;
			targetProxy = D00D69893006F4C200A8F7BB /* PBXContainerItemProxy */;
		};
/* End PBXTargetDependency section */

/* Begin XCBuildConfiguration section */
		D00D69903006F4C200A8F7BB /* Debug */ = {
			isa = XCBuildConfiguration;
			buildSettings = {
				ALWAYS_SEARCH_USER_PATHS = NO;
				ASSETCATALOG_COMPILER_GENERATE_SWIFT_ASSET_SYMBOL_EXTENSIONS = YES;
				CLANG_ANALYZER_NONNULL = YES;
				CLANG_ANALYZER_NUMBER_OBJECT_CONVERSION = YES_AGGRESSIVE;
				CLANG_CXX_LANGUAGE_STANDARD = "gnu++20";
				CLANG_ENABLE_MODULES = YES;
				CLANG_ENABLE_OBJC_ARC = YES;
				CLANG_ENABLE_OBJC_WEAK = YES;
				CLANG_WARN_BLOCK_CAPTURE_AUTORELEASING = YES;
				CLANG_WARN_BOOL_CONVERSION = YES;
				CLANG_WARN_COMMA = YES;
				CLANG_WARN_CONSTANT_CONVERSION = YES;
				CLANG_WARN_DEPRECATED_OBJC_IMPLEMENTATIONS = YES;
				CLANG_WARN_DIRECT_OBJC_ISA_USAGE = YES_ERROR;
				CLANG_WARN_DOCUMENTATION_COMMENTS = YES;
				CLANG_WARN_EMPTY_BODY = YES;
				CLANG_WARN_ENUM_CONVERSION = YES;
				CLANG_WARN_INFINITE_RECURSION = YES;
				CLANG_WARN_INT_CONVERSION = YES;
				CLANG_WARN_NON_LITERAL_NULL_CONVERSION = YES;
				CLANG_WARN_OBJC_IMPLICIT_RETAIN_SELF = YES;
				CLANG_WARN_OBJC_LITERAL_CONVERSION = YES;
				CLANG_WARN_OBJC_ROOT_CLASS = YES_ERROR;
				CLANG_WARN_QUOTED_INCLUDE_IN_FRAMEWORK_HEADER = YES;
				CLANG_WARN_RANGE_LOOP_ANALYSIS = YES;
				CLANG_WARN_STRICT_PROTOTYPES = YES;
				CLANG_WARN_SUSPICIOUS_MOVE = YES;
				CLANG_WARN_UNGUARDED_AVAILABILITY = YES_AGGRESSIVE;
				CLANG_WARN_UNREACHABLE_CODE = YES;
				CLANG_WARN__DUPLICATE_METHOD_MATCH = YES;
				COPY_PHASE_STRIP = NO;
				DEBUG_INFORMATION_FORMAT = dwarf;
				ENABLE_STRICT_OBJC_MSGSEND = YES;
				ENABLE_TESTABILITY = YES;
				ENABLE_USER_SCRIPT_SANDBOXING = YES;
				GCC_C_LANGUAGE_STANDARD = gnu17;
				GCC_DYNAMIC_NO_PIC = NO;
				GCC_NO_COMMON_BLOCKS = YES;
				GCC_OPTIMIZATION_LEVEL = 0;
				GCC_PREPROCESSOR_DEFINITIONS = (
					"DEBUG=1",
					"$(inherited)",
				);
				GCC_WARN_64_TO_32_BIT_CONVERSION = YES;
				GCC_WARN_ABOUT_RETURN_TYPE = YES_ERROR;
				GCC_WARN_UNDECLARED_SELECTOR = YES;
				GCC_WARN_UNINITIALIZED_AUTOS = YES_AGGRESSIVE;
				GCC_WARN_UNUSED_FUNCTION = YES;
				GCC_WARN_UNUSED_VARIABLE = YES;
				IPHONEOS_DEPLOYMENT_TARGET = 26.5;
				LOCALIZATION_PREFERS_STRING_CATALOGS = YES;
				MTL_ENABLE_DEBUG_INFO = INCLUDE_SOURCE;
				MTL_FAST_MATH = YES;
				ONLY_ACTIVE_ARCH = YES;
				SDKROOT = iphoneos;
				SWIFT_ACTIVE_COMPILATION_CONDITIONS = "DEBUG $(inherited)";
				SWIFT_OPTIMIZATION_LEVEL = "-Onone";
			};
			name = Debug;
		};
		D00D69913006F4C200A8F7BB /* Release */ = {
			isa = XCBuildConfiguration;
			buildSettings = {
				ALWAYS_SEARCH_USER_PATHS = NO;
				ASSETCATALOG_COMPILER_GENERATE_SWIFT_ASSET_SYMBOL_EXTENSIONS = YES;
				CLANG_ANALYZER_NONNULL = YES;
				CLANG_ANALYZER_NUMBER_OBJECT_CONVERSION = YES_AGGRESSIVE;
				CLANG_CXX_LANGUAGE_STANDARD = "gnu++20";
				CLANG_ENABLE_MODULES = YES;
				CLANG_ENABLE_OBJC_ARC = YES;
				CLANG_ENABLE_OBJC_WEAK = YES;
				CLANG_WARN_BLOCK_CAPTURE_AUTORELEASING = YES;
				CLANG_WARN_BOOL_CONVERSION = YES;
				CLANG_WARN_COMMA = YES;
				CLANG_WARN_CONSTANT_CONVERSION = YES;
				CLANG_WARN_DEPRECATED_OBJC_IMPLEMENTATIONS = YES;
				CLANG_WARN_DIRECT_OBJC_ISA_USAGE = YES_ERROR;
				CLANG_WARN_DOCUMENTATION_COMMENTS = YES;
				CLANG_WARN_EMPTY_BODY = YES;
				CLANG_WARN_ENUM_CONVERSION = YES;
				CLANG_WARN_INFINITE_RECURSION = YES;
				CLANG_WARN_INT_CONVERSION = YES;
				CLANG_WARN_NON_LITERAL_NULL_CONVERSION = YES;
				CLANG_WARN_OBJC_IMPLICIT_RETAIN_SELF = YES;
				CLANG_WARN_OBJC_LITERAL_CONVERSION = YES;
				CLANG_WARN_OBJC_ROOT_CLASS = YES_ERROR;
				CLANG_WARN_QUOTED_INCLUDE_IN_FRAMEWORK_HEADER = YES;
				CLANG_WARN_RANGE_LOOP_ANALYSIS = YES;
				CLANG_WARN_STRICT_PROTOTYPES = YES;
				CLANG_WARN_SUSPICIOUS_MOVE = YES;
				CLANG_WARN_UNGUARDED_AVAILABILITY = YES_AGGRESSIVE;
				CLANG_WARN_UNREACHABLE_CODE = YES;
				CLANG_WARN__DUPLICATE_METHOD_MATCH = YES;
				COPY_PHASE_STRIP = NO;
				DEBUG_INFORMATION_FORMAT = "dwarf-with-dsym";
				ENABLE_NS_ASSERTIONS = NO;
				ENABLE_STRICT_OBJC_MSGSEND = YES;
				ENABLE_USER_SCRIPT_SANDBOXING = YES;
				GCC_C_LANGUAGE_STANDARD = gnu17;
				GCC_NO_COMMON_BLOCKS = YES;
				GCC_WARN_64_TO_32_BIT_CONVERSION = YES;
				GCC_WARN_ABOUT_RETURN_TYPE = YES_ERROR;
				GCC_WARN_UNDECLARED_SELECTOR = YES;
				GCC_WARN_UNINITIALIZED_AUTOS = YES_AGGRESSIVE;
				GCC_WARN_UNUSED_FUNCTION = YES;
				GCC_WARN_UNUSED_VARIABLE = YES;
				IPHONEOS_DEPLOYMENT_TARGET = 26.5;
				LOCALIZATION_PREFERS_STRING_CATALOGS = YES;
				MTL_ENABLE_DEBUG_INFO = NO;
				MTL_FAST_MATH = YES;
				SDKROOT = iphoneos;
				SWIFT_COMPILATION_MODE = wholemodule;
				VALIDATE_PRODUCT = YES;
			};
			name = Release;
		};
		D00D69933006F4C200A8F7BB /* Debug */ = {
			isa = XCBuildConfiguration;
			buildSettings = {
				ASSETCATALOG_COMPILER_APPICON_NAME = AppIcon;
				ASSETCATALOG_COMPILER_GLOBAL_ACCENT_COLOR_NAME = AccentColor;
				CODE_SIGN_STYLE = Automatic;
				CURRENT_PROJECT_VERSION = 1;
				ENABLE_PREVIEWS = YES;
				GENERATE_INFOPLIST_FILE = YES;
				INFOPLIST_KEY_UIApplicationSceneManifest_Generation = YES;
				INFOPLIST_KEY_UIApplicationSupportsIndirectInputEvents = YES;
				INFOPLIST_KEY_UILaunchScreen_Generation = YES;
				INFOPLIST_KEY_UISupportedInterfaceOrientations_iPad = "UIInterfaceOrientationPortrait UIInterfaceOrientationPortraitUpsideDown UIInterfaceOrientationLandscapeLeft UIInterfaceOrientationLandscapeRight";
				INFOPLIST_KEY_UISupportedInterfaceOrientations_iPhone = "UIInterfaceOrientationPortrait UIInterfaceOrientationLandscapeLeft UIInterfaceOrientationLandscapeRight";
				LD_RUNPATH_SEARCH_PATHS = (
					"$(inherited)",
					"@executable_path/Frameworks",
				);
				MARKETING_VERSION = 1.0;
				PRODUCT_BUNDLE_IDENTIFIER = vreddy.ProductListingApp;
				PRODUCT_NAME = "$(TARGET_NAME)";
				STRING_CATALOG_GENERATE_SYMBOLS = YES;
				SWIFT_APPROACHABLE_CONCURRENCY = YES;
				SWIFT_DEFAULT_ACTOR_ISOLATION = MainActor;
				SWIFT_EMIT_LOC_STRINGS = YES;
				SWIFT_UPCOMING_FEATURE_MEMBER_IMPORT_VISIBILITY = YES;
				SWIFT_VERSION = 5.0;
				TARGETED_DEVICE_FAMILY = "1,2";
			};
			name = Debug;
		};
		D00D69943006F4C200A8F7BB /* Release */ = {
			isa = XCBuildConfiguration;
			buildSettings = {
				ASSETCATALOG_COMPILER_APPICON_NAME = AppIcon;
				ASSETCATALOG_COMPILER_GLOBAL_ACCENT_COLOR_NAME = AccentColor;
				CODE_SIGN_STYLE = Automatic;
				CURRENT_PROJECT_VERSION = 1;
				ENABLE_PREVIEWS = YES;
				GENERATE_INFOPLIST_FILE = YES;
				INFOPLIST_KEY_UIApplicationSceneManifest_Generation = YES;
				INFOPLIST_KEY_UIApplicationSupportsIndirectInputEvents = YES;
				INFOPLIST_KEY_UILaunchScreen_Generation = YES;
				INFOPLIST_KEY_UISupportedInterfaceOrientations_iPad = "UIInterfaceOrientationPortrait UIInterfaceOrientationPortraitUpsideDown UIInterfaceOrientationLandscapeLeft UIInterfaceOrientationLandscapeRight";
				INFOPLIST_KEY_UISupportedInterfaceOrientations_iPhone = "UIInterfaceOrientationPortrait UIInterfaceOrientationLandscapeLeft UIInterfaceOrientationLandscapeRight";
				LD_RUNPATH_SEARCH_PATHS = (
					"$(inherited)",
					"@executable_path/Frameworks",
				);
				MARKETING_VERSION = 1.0;
				PRODUCT_BUNDLE_IDENTIFIER = vreddy.ProductListingApp;
				PRODUCT_NAME = "$(TARGET_NAME)";
				STRING_CATALOG_GENERATE_SYMBOLS = YES;
				SWIFT_APPROACHABLE_CONCURRENCY = YES;
				SWIFT_DEFAULT_ACTOR_ISOLATION = MainActor;
				SWIFT_EMIT_LOC_STRINGS = YES;
				SWIFT_UPCOMING_FEATURE_MEMBER_IMPORT_VISIBILITY = YES;
				SWIFT_VERSION = 5.0;
				TARGETED_DEVICE_FAMILY = "1,2";
			};
			name = Release;
		};
		D00D69963006F4C200A8F7BB /* Debug */ = {
			isa = XCBuildConfiguration;
			buildSettings = {
				BUNDLE_LOADER = "$(TEST_HOST)";
				CODE_SIGN_STYLE = Automatic;
				CURRENT_PROJECT_VERSION = 1;
				GENERATE_INFOPLIST_FILE = YES;
				IPHONEOS_DEPLOYMENT_TARGET = 26.5;
				MARKETING_VERSION = 1.0;
				PRODUCT_BUNDLE_IDENTIFIER = vreddy.ProductListingAppTests;
				PRODUCT_NAME = "$(TARGET_NAME)";
				STRING_CATALOG_GENERATE_SYMBOLS = NO;
				SWIFT_APPROACHABLE_CONCURRENCY = YES;
				SWIFT_EMIT_LOC_STRINGS = NO;
				SWIFT_UPCOMING_FEATURE_MEMBER_IMPORT_VISIBILITY = YES;
				SWIFT_VERSION = 5.0;
				TARGETED_DEVICE_FAMILY = "1,2";
				TEST_HOST = "$(BUILT_PRODUCTS_DIR)/ProductListingApp.app/$(BUNDLE_EXECUTABLE_FOLDER_PATH)/ProductListingApp";
			};
			name = Debug;
		};
		D00D69973006F4C200A8F7BB /* Release */ = {
			isa = XCBuildConfiguration;
			buildSettings = {
				BUNDLE_LOADER = "$(TEST_HOST)";
				CODE_SIGN_STYLE = Automatic;
				CURRENT_PROJECT_VERSION = 1;
				GENERATE_INFOPLIST_FILE = YES;
				IPHONEOS_DEPLOYMENT_TARGET = 26.5;
				MARKETING_VERSION = 1.0;
				PRODUCT_BUNDLE_IDENTIFIER = vreddy.ProductListingAppTests;
				PRODUCT_NAME = "$(TARGET_NAME)";
				STRING_CATALOG_GENERATE_SYMBOLS = NO;
				SWIFT_APPROACHABLE_CONCURRENCY = YES;
				SWIFT_EMIT_LOC_STRINGS = NO;
				SWIFT_UPCOMING_FEATURE_MEMBER_IMPORT_VISIBILITY = YES;
				SWIFT_VERSION = 5.0;
				TARGETED_DEVICE_FAMILY = "1,2";
				TEST_HOST = "$(BUILT_PRODUCTS_DIR)/ProductListingApp.app/$(BUNDLE_EXECUTABLE_FOLDER_PATH)/ProductListingApp";
			};
			name = Release;
		};
		D00D69993006F4C200A8F7BB /* Debug */ = {
			isa = XCBuildConfiguration;
			buildSettings = {
				CODE_SIGN_STYLE = Automatic;
				CURRENT_PROJECT_VERSION = 1;
				GENERATE_INFOPLIST_FILE = YES;
				MARKETING_VERSION = 1.0;
				PRODUCT_BUNDLE_IDENTIFIER = vreddy.ProductListingAppUITests;
				PRODUCT_NAME = "$(TARGET_NAME)";
				STRING_CATALOG_GENERATE_SYMBOLS = NO;
				SWIFT_APPROACHABLE_CONCURRENCY = YES;
				SWIFT_EMIT_LOC_STRINGS = NO;
				SWIFT_UPCOMING_FEATURE_MEMBER_IMPORT_VISIBILITY = YES;
				SWIFT_VERSION = 5.0;
				TARGETED_DEVICE_FAMILY = "1,2";
				TEST_TARGET_NAME = ProductListingApp;
			};
			name = Debug;
		};
		D00D699A3006F4C200A8F7BB /* Release */ = {
			isa = XCBuildConfiguration;
			buildSettings = {
				CODE_SIGN_STYLE = Automatic;
				CURRENT_PROJECT_VERSION = 1;
				GENERATE_INFOPLIST_FILE = YES;
				MARKETING_VERSION = 1.0;
				PRODUCT_BUNDLE_IDENTIFIER = vreddy.ProductListingAppUITests;
				PRODUCT_NAME = "$(TARGET_NAME)";
				STRING_CATALOG_GENERATE_SYMBOLS = NO;
				SWIFT_APPROACHABLE_CONCURRENCY = YES;
				SWIFT_EMIT_LOC_STRINGS = NO;
				SWIFT_UPCOMING_FEATURE_MEMBER_IMPORT_VISIBILITY = YES;
				SWIFT_VERSION = 5.0;
				TARGETED_DEVICE_FAMILY = "1,2";
				TEST_TARGET_NAME = ProductListingApp;
			};
			name = Release;
		};
/* End XCBuildConfiguration section */

/* Begin XCConfigurationList section */
		D00D696C3006F4BF00A8F7BB /* Build configuration list for PBXProject "ProductListingApp" */ = {
			isa = XCConfigurationList;
			buildConfigurations = (
				D00D69903006F4C200A8F7BB /* Debug */,
				D00D69913006F4C200A8F7BB /* Release */,
			);
			defaultConfigurationIsVisible = 0;
			defaultConfigurationName = Release;
		};
		D00D69923006F4C200A8F7BB /* Build configuration list for PBXNativeTarget "ProductListingApp" */ = {
			isa = XCConfigurationList;
			buildConfigurations = (
				D00D69933006F4C200A8F7BB /* Debug */,
				D00D69943006F4C200A8F7BB /* Release */,
			);
			defaultConfigurationIsVisible = 0;
			defaultConfigurationName = Release;
		};
		D00D69953006F4C200A8F7BB /* Build configuration list for PBXNativeTarget "ProductListingAppTests" */ = {
			isa = XCConfigurationList;
			buildConfigurations = (
				D00D69963006F4C200A8F7BB /* Debug */,
				D00D69973006F4C200A8F7BB /* Release */,
			);
			defaultConfigurationIsVisible = 0;
			defaultConfigurationName = Release;
		};
		D00D69983006F4C200A8F7BB /* Build configuration list for PBXNativeTarget "ProductListingAppUITests" */ = {
			isa = XCConfigurationList;
			buildConfigurations = (
				D00D69993006F4C200A8F7BB /* Debug */,
				D00D699A3006F4C200A8F7BB /* Release */,
			);
			defaultConfigurationIsVisible = 0;
			defaultConfigurationName = Release;
		};
/* End XCConfigurationList section */

/* Begin XCLocalSwiftPackageReference section */
		C10C10013007000000000001 /* XCLocalSwiftPackageReference "AppCore" */ = {
			isa = XCLocalSwiftPackageReference;
			relativePath = AppCore;
		};
		C10C10023007000000000002 /* XCLocalSwiftPackageReference "AppUI" */ = {
			isa = XCLocalSwiftPackageReference;
			relativePath = AppUI;
		};
/* End XCLocalSwiftPackageReference section */

/* Begin XCSwiftPackageProductDependency section */
		C10C10033007000000000003 /* AppCore */ = {
			isa = XCSwiftPackageProductDependency;
			productName = AppCore;
		};
		C10C10043007000000000004 /* AppUI */ = {
			isa = XCSwiftPackageProductDependency;
			productName = AppUI;
		};
		C10C10053007000000000005 /* AppCore */ = {
			isa = XCSwiftPackageProductDependency;
			productName = AppCore;
		};
/* End XCSwiftPackageProductDependency section */
	};
	rootObject = D00D69693006F4BF00A8F7BB /* Project object */;
}
